
Microsoft Visual Studio Solution File, Format Version 12.00
# Visual Studio 15
VisualStudioVersion = 15.0.27703.1
MinimumVisualStudioVersion = 10.0.40219.1
Project("{FAE04EC0-301F-11D3-BF4B-00C04F79EFBC}") = "Calculator_WinForm", "Calculator_WinForm\Calculator_WinForm.csproj", "{3F6B58E3-2571-4B18-9EE8-9B51ACD9CC6C}"
EndProject
Global
	GlobalSection(SolutionConfigurationPlatforms) = preSolution
		Debug|Any CPU = Debug|Any CPU
		Release|Any CPU = Release|Any CPU
	EndGlobalSection
	GlobalSection(ProjectConfigurationPlatforms) = postSolution
		{3F6B58E3-2571-4B18-9EE8-9B51ACD9CC6C}.Debug|Any CPU.ActiveCfg = Debug|Any CPU
		{3F6B58E3-2571-4B18-9EE8-9B51ACD9CC6C}.Debug|Any CPU.Build.0 = Debug|Any CPU
		{3F6B58E3-2571-4B18-9EE8-9B51ACD9CC6C}.Release|Any CPU.ActiveCfg = Release|Any CPU
		{3F6B58E3-2571-4B18-9EE8-9B51ACD9CC6C}.Release|Any CPU.Build.0 = Release|Any CPU
	EndGlobalSection
	GlobalSection(SolutionProperties) = preSolution
		HideSolutionNode = FALSE
	EndGlobalSection
	GlobalSection(ExtensibilityGlobals) = postSolution
		SolutionGuid = {A42B906C-C718-457A-A713-54053D608CA7}
	EndGlobalSection
EndGlobal
